github.com/aws/aws-lambda-go v1.46.0 h1:UWVnvh2h2gecOlFhHQfIPQcD8pL/f7pVCutmFl+oXU8=
github.com/aws/aws-lambda-go v1.46.0/go.mod h1:dpMpZgvWx5vuQJfBt0zqBha60q7Dd7RfgJv23DymV8A=
github.com/aws/aws-sdk-go-v2 v1.26.1 h1:5554eUqIYVWpU0YmeeYZ0wU64H2VLBs8TlhRB2L+EkA=
github.com/aws/aws-sdk-go-v2 v1.26.1/go.mod h1:ffIFB97e2yNsv4aTSGkqtHnppsIJzw7G7BReUZ3jCXM=
github.com/aws/aws-sdk-go-v2/config v1.27.7 h1:JSfb5nOQF01iOgxFI5OIKWwDiEXWTyTgg1Mm1mHi0A4=
github.com/aws/aws-sdk-go-v2/config v1.27.7/go.mod h1:PH0/cNpoMO+B04qET699o5W92Ca79fVtbUnvMIZro4I=
github.com/aws/aws-sdk-go-v2/credentials v1.17.7 h1:WJd+ubWKoBeRh7A5iNMnxEOs982SyVKOJD+K8HIezu4=
github.com/aws/aws-sdk-go-v2/credentials v1.17.7/go.mod h1:UQi7LMR0Vhvs+44w5ec8Q+VS+cd10cjwgHwiVkE0YGU=
github.com/aws/aws-sdk-go-v2/feature/ec2/imds v1.15.3 h1:p+y7FvkK2dxS+FEwRIDHDe//ZX+jDhP8HHE50ppj4iI=
github.com/aws/aws-sdk-go-v2/feature/ec2/imds v1.15.3/go.mod h1:/fYB+FZbDlwlAiynK9KDXlzZl3ANI9JkD0Uhz5FjNT4=
github.com/aws/aws-sdk-go-v2/internal/configsources v1.3.5 h1:aw39xVGeRWlWx9EzGVnhOR4yOjQDHPQ6o6NmBlscyQg=
github.com/aws/aws-sdk-go-v2/internal/configsources v1.3.5/go.mod h1:FSaRudD0dXiMPK2UjknVwwTYyZMRsHv3TtkabsZih5I=
github.com/aws/aws-sdk-go-v2/internal/endpoints/v2 v2.6.5 h1:PG1F3OD1szkuQPzDw3CIQsRIrtTlUC3lP84taWzHlq0=
github.com/aws/aws-sdk-go-v2/internal/endpoints/v2 v2.6.5/go.mod h1:jU1li6RFryMz+so64PpKtudI+QzbKoIEivqdf6LNpOc=
github.com/aws/aws-sdk-go-v2/internal/ini v1.8.0 h1:hT8rVHwugYE2lEfdFE0QWVo81lF7jMrYJVDWI+f+VxU=
github.com/aws/aws-sdk-go-v2/internal/ini v1.8.0/go.mod h1:8tu/lYfQfFe6IGnaOdrpVgEL2IrrDOf6/m9RQum4NkY=
github.com/aws/aws-sdk-go-v2/service/internal/accept-encoding v1.11.1 h1:EyBZibRTVAs6ECHZOw5/wlylS9OcTzwyjeQMudmREjE=
github.com/aws/aws-sdk-go-v2/service/internal/accept-encoding v1.11.1/go.mod h1:JKpmtYhhPs7D97NL/ltqz7yCkERFW5dOlHyVl66ZYF8=
github.com/aws/aws-sdk-go-v2/service/internal/presigned-url v1.11.5 h1:K/NXvIftOlX+oGgWGIa3jDyYLDNsdVhsjHmsBH2GLAQ=
github.com/aws/aws-sdk-go-v2/service/internal/presigned-url v1.11.5/go.mod h1:cl9HGLV66EnCmMNzq4sYOti+/xo8w34CsgzVtm2GgsY=
github.com/aws/aws-sdk-go-v2/service/sns v1.29.4 h1:VhW/J21SPH9bNmk1IYdZtzqA6//N2PB5Py5RexNmLVg=
github.com/aws/aws-sdk-go-v2/service/sns v1.29.4/go.mod h1:DojKGyWXa4p+e+C+GpG7qf02QaE68Nrg2v/UAXQhKhU=
github.com/aws/aws-sdk-go-v2/service/ssm v1.49.3 h1:iT1/grX+znbCNKzF3nd54/5Zq6CYNnR5ZEHWnuWqULM=
github.com/aws/aws-sdk-go-v2/service/ssm v1.49.3/go.mod h1:loBAHYxz7JyucJvq4xuW9vunu8iCzjNYfSrQg2QEczA=
github.com/aws/aws-sdk-go-v2/service/sso v1.20.2 h1:XOPfar83RIRPEzfihnp+U6udOveKZJvPQ76SKWrLRHc=
github.com/aws/aws-sdk-go-v2/service/sso v1.20.2/go.mod h1:Vv9Xyk1KMHXrR3vNQe8W5LMFdTjSeWk0gBZBzvf3Qa0=
github.com/aws/aws-sdk-go-v2/service/ssooidc v1.23.2 h1:pi0Skl6mNl2w8qWZXcdOyg197Zsf4G97U7Sso9JXGZE=
github.com/aws/aws-sdk-go-v2/service/ssooidc v1.23.2/go.mod h1:JYzLoEVeLXk+L4tn1+rrkfhkxl6mLDEVaDSvGq9og90=
github.com/aws/aws-sdk-go-v2/service/sts v1.28.4 h1:Ppup1nVNAOWbBOrcoOxaxPeEnSFB2RnnQdguhXpmeQk=
github.com/aws/aws-sdk-go-v2/service/sts v1.28.4/go.mod h1:+K1rNPVyGxkRuv9NNiaZ4YhBFuyw2MMA9SlIJ1Zlpz8=
github.com/aws/smithy-go v1.20.2 h1:tbp628ireGtzcHDDmLT/6ADHidqnwgF57XOXZe6tp4Q=
github.com/aws/smithy-go v1.20.2/go.mod h1:krry+ya/rV9RDcV/Q16kpu6ypI4K2czasz0NC3qS14E=
github.com/davecgh/go-spew v1.1.0/go.mod h1:J7Y8YcW2NihsgmVo/mv3lAwl/skON4iLHjSsI+c5H38=
github.com/davecgh/go-spew v1.1.1 h1:vj9j/u1bqnvCEfJOwUhtlOARqs3+rkHYY13jYWTU97c=
github.com/davecgh/go-spew v1.1.1/go.mod h1:J7Y8YcW2NihsgmVo/mv3lAwl/skON4iLHjSsI+c5H38=
github.com/fatih/color v1.16.0 h1:zmkK9Ngbjj+K0yRhTVONQh1p/HknKYSlNT+vZCzyokM=
github.com/fatih/color v1.16.0/go.mod h1:fL2Sau1YI5c0pdGEVCbKQbLXB6edEj1ZgiY4NijnWvE=
github.com/fujiwara/logutils v1.1.2 h1:nYVRyTj+5SyCvpZUrYIZU4kubqNycGTxFXMKJBKe0Sg=
github.com/fujiwara/logutils v1.1.2/go.mod h1:pdb/Uk70rjQWEmFm/OvYH7OG8meZt1fEIqC0qZbvro4=
github.com/fujiwara/ridge v0.9.0 h1:q5uQENInEYjpk49T2C73BhAMbYhfbkR+PGJ9SXN4mpk=
github.com/fujiwara/ridge v0.9.0/go.mod h1:/xRoaA5T5rrUMNsXDNOc8OjvQ6W7LXc/9jQI0L8y6ck=
github.com/go-test/deep v1.0.4 h1:u2CU3YKy9I2pmu9pX0eq50wCgjfGIt539SqR7FbHiho=
github.com/go-test/deep v1.0.4/go.mod h1:wGDj63lr65AM2AQyKZd/NYHGb0R+1RLqB8NKt3aSFNA=
github.com/google/go-cmp v0.5.7/go.mod h1:n+brtR0CgQNWTVd5ZUFpTBC8YFBDLK/h/bpaJ8/DtOE=
github.com/google/go-cmp v0.6.0 h1:ofyhxvXcZhMsU5ulbFiLKl/XBFqE1GSq7atu8tAmTRI=
github.com/google/go-cmp v0.6.0/go.mod h1:17dUlkBOakJ0+DkrSSNjCkIjxS6bF9zb3elmeNGIjoY=
github.com/gorilla/mux v1.8.1 h1:TuBL49tXwgrFYWhqrNgrUNEY92u81SPhu7sTdzQEiWY=
github.com/gorilla/mux v1.8.1/go.mod h1:AKf9I4AEqPTmMytcMc0KkNouC66V3BtZ4qD5fmWSiMQ=
github.com/gorilla/websocket v1.4.2/go.mod h1:YR8l580nyteQvAITg2hZ9XVh4b55+EU/adAjf1fMHhE=
github.com/gorilla/websocket v1.5.1 h1:gmztn0JnHVt9JZquRuzLw3g4wouNVzKL15iLr/zn/QY=
github.com/gorilla/websocket v1.5.1/go.mod h1:x3kM2JMyaluk02fnUJpQuwD2dCS5NDG2ZHL0uE0tcaY=
github.com/jmespath/go-jmespath v0.4.0 h1:BEgLn5cpjn8UN1mAw4NjwDrS35OdebyEtFe+9YPoQUg=
github.com/jmespath/go-jmespath v0.4.0/go.mod h1:T8mJZnbsbmF+m6zOOFylbeCJqk5+pHWvzYPziyZiYoo=
github.com/jmespath/go-jmespath/internal/testify v1.5.1 h1:shLQSRRSCCPj3f2gpwzGwWFoC7ycTf1rcQZHOlsJ6N8=
github.com/jmespath/go-jmespath/internal/testify v1.5.1/go.mod h1:L3OGu8Wl2/fWfCI6z80xFu9LTZmf1ZRjMHUOPmWr69U=
github.com/ken39arg/go-flagx v0.0.0-20220608183922-7cf7c6c0093c h1:jrKp5SY9Qt8lQmorJAksSYOIexZdkp7EREJgx4mX9XA=
github.com/ken39arg/go-flagx v0.0.0-20220608183922-7cf7c6c0093c/go.mod h1:DNbx2/OnOT5GtlYTUF2xr4GZSunGDP1Wk0WO3mmaKz0=
github.com/mattn/go-colorable v0.1.13 h1:fFA4WZxdEF4tXPZVKMLwD8oUnCTTo08duU7wxecdEvA=
github.com/mattn/go-colorable v0.1.13/go.mod h1:7S9/ev0klgBDR4GtXTXX8a3vIGJpMovkB8vQcUbaXHg=
github.com/mattn/go-isatty v0.0.16/go.mod h1:kYGgaQfpe5nmfYZH+SKPsOc2e4SrIfOl2e/yFXSvRLM=
github.com/mattn/go-isatty v0.0.20 h1:xfD0iDuEKnDkl03q4limB+vH+GxLEtL/jb4xVJSWWEY=
github.com/mattn/go-isatty v0.0.20/go.mod h1:W+V8PltTTMOvKvAeJH7IuucS94S2C6jfK/D7dTCTo3Y=
github.com/pires/go-proxyproto v0.7.0 h1:IukmRewDQFWC7kfnb66CSomk2q/seBuilHBYFwyq0Hs=
github.com/pires/go-proxyproto v0.7.0/go.mod h1:Vz/1JPY/OACxWGQNIRY2BeyDmpoaWmEP40O9LbuiFR4=
github.com/pkg/errors v0.8.1/go.mod h1:bwawxfHBFNV+L2hUp1rHADufV3IMtnDRdf1r5NINEl0=
github.com/pkg/errors v0.9.1 h1:FEBLx1zS214owpjy7qsBeixbURkuhQAwrK5UwLGTwt4=
github.com/pkg/errors v0.9.1/go.mod h1:bwawxfHBFNV+L2hUp1rHADufV3IMtnDRdf1r5NINEl0=
github.com/pmezard/go-difflib v1.0.0 h1:4DBwDE0NGyQoBHbLQYPwSUPoCMWR5BEzIk/f1lZbAQM=
github.com/pmezard/go-difflib v1.0.0/go.mod h1:iKH77koFhYxTK1pcRnkKkqfTogsbg7gZNVY4sRDYZ/4=
github.com/sebdah/goldie/v2 v2.5.3 h1:9ES/mNN+HNUbNWpVAlrzuZ7jE+Nrczbj8uFRjM7624Y=
github.com/sebdah/goldie/v2 v2.5.3/go.mod h1:oZ9fp0+se1eapSRjfYbsV/0Hqhbuu3bJVvKI/NNtssI=
github.com/sergi/go-diff v1.0.0 h1:Kpca3qRNrduNnOQeazBd0ysaKrUJiIuISHxogkT9RPQ=
github.com/sergi/go-diff v1.0.0/go.mod h1:0CfEIISq7TuYL3j771MWULgwwjU+GofnZX9QAmXWZgo=
github.com/slack-go/slack v0.13.1 h1:6UkM3U1OnbhPsYeb1IMkQ6HSNOSikWluwOncJt4Tz/o=
github.com/slack-go/slack v0.13.1/go.mod h1:hlGi5oXA+Gt+yWTPP0plCdRKmjsDxecdHxYQdlMQKOw=
github.com/stretchr/objx v0.1.0/go.mod h1:HFkY916IF+rwdDfMAkV7OtwuqBVzrE8GR6GFx+wExME=
github.com/stretchr/testify v1.2.2/go.mod h1:a8OnRcib4nhh0OaRAV+Yts87kKdq0PP7pXfy6kDkUVs=
github.com/stretchr/testify v1.3.0/go.mod h1:M5WIy9Dh21IEIfnGCwXGc5bZfKNJtfHm1UVUgZn+9EI=
github.com/stretchr/testify v1.7.2 h1:4jaiDzPyXQvSd7D0EjG45355tLlV3VOECpq10pLC+8s=
github.com/stretchr/testify v1.7.2/go.mod h1:R6va5+xMeoiuVRoj+gSkQ7d3FALtqAAGI1FQKckRals=
golang.org/x/net v0.24.0 h1:1PcaxkF854Fu3+lvBIx5SYn9wRlBzzcnHZSiaFFAb0w=
golang.org/x/net v0.24.0/go.mod h1:2Q7sJY5mzlzWjKtYUEXSlBWCdyaioyXzRB2RtU8KVE8=
golang.org/x/sys v0.0.0-20220811171246-fbc7d0a398ab/go.mod h1:oPkhp1MJrh7nUepCBck5+mAzfO9JrbApNNgaTdGDITg=
golang.org/x/sys v0.6.0/go.mod h1:oPkhp1MJrh7nUepCBck5+mAzfO9JrbApNNgaTdGDITg=
golang.org/x/sys v0.19.0 h1:q5f1RH2jigJ1MoAWp2KTp3gm5zAGFUTarQZ5U386+4o=
golang.org/x/sys v0.19.0/go.mod h1:/VUhepiaJMQUp4+oa/7Zr1D23ma6VTLIYjOOTFZPUcA=
golang.org/x/xerrors v0.0.0-20191204190536-9bdfabe68543/go.mod h1:I/5z698sn9Ka8TeJc9MKroUUfqBBauWjQqLJ2OPfmY0=
gopkg.in/check.v1 v0.0.0-20161208181325-20d25e280405/go.mod h1:Co6ibVJAznAaIkqp8huTwlJQCZ016jof/cbN4VW5Yz0=
gopkg.in/yaml.v2 v2.2.8 h1:obN1ZagJSUGI0Ek/LBmuj4SNLPfIny3KsKFopxRdj10=
gopkg.in/yaml.v2 v2.2.8/go.mod h1:hI93XBmqTisBFMUTm0b8Fm+jr3Dg1NNxqwp+5A1VGuI=
gopkg.in/yaml.v3 v3.0.1 h1:fxVm/GzAzEWqLHuvctI91KS9hhNmmWOoWu0XTYJS7CA=
gopkg.in/yaml.v3 v3.0.1/go.mod h1:K4uyk7z7BCEPqu6E+C64Yfv1cQ7kz7rIZviUmN+EgEM=
